// !$*UTF8*$!
{
	archiveVersion = 1;
	classes = {
	};
	objectVersion = 50;
	objects = {

/* Begin PBXBuildFile section */
		04018493226535D00068B5A2 /* AppDelegate.swift in Sources */ = {isa = PBXBuildFile; fileRef = 04018492226535D00068B5A2 /* AppDelegate.swift */; };
		04018495226535D00068B5A2 /* ViewController.swift in Sources */ = {isa = PBXBuildFile; fileRef = 04018494226535D00068B5A2 /* ViewController.swift */; };
		04018498226535D00068B5A2 /* Main.storyboard in Resources */ = {isa = PBXBuildFile; fileRef = 04018496226535D00068B5A2 /* Main.storyboard */; };
		0401849A226535D10068B5A2 /* Assets.xcassets in Resources */ = {isa = PBXBuildFile; fileRef = 04018499226535D10068B5A2 /* Assets.xcassets */; };
		0401849D226535D10068B5A2 /* LaunchScreen.storyboard in Resources */ = {isa = PBXBuildFile; fileRef = 0401849B226535D10068B5A2 /* LaunchScreen.storyboard */; };
		040184A8226535D10068B5A2 /* pokemonAPITests.swift in Sources */ = {isa = PBXBuildFile; fileRef = 040184A7226535D10068B5A2 /* pokemonAPITests.swift */; };
		040184B3226535D20068B5A2 /* pokemonAPIUITests.swift in Sources */ = {isa = PBXBuildFile; fileRef = 040184B2226535D20068B5A2 /* pokemonAPIUITests.swift */; };
		040184C1226538FB0068B5A2 /* PokemonExample.json in Resources */ = {isa = PBXBuildFile; fileRef = 040184C0226538FB0068B5A2 /* PokemonExample.json */; };
		040184C3226552490068B5A2 /* PokeData.swift in Sources */ = {isa = PBXBuildFile; fileRef = 040184C2226552490068B5A2 /* PokeData.swift */; };
/* End PBXBuildFile section */

/* Begin PBXContainerItemProxy section */
		040184A4226535D10068B5A2 /* PBXContainerItemProxy */ = {
			isa = PBXContainerItemProxy;
			containerPortal = 04018487226535D00068B5A2 /* Project object */;
			proxyType = 1;
			remoteGlobalIDString = 0401848E226535D00068B5A2;
			remoteInfo = pokemonAPI;
		};
		040184AF226535D20068B5A2 /* PBXContainerItemProxy */ = {
			isa = PBXContainerItemProxy;
			containerPortal = 04018487226535D00068B5A2 /* Project object */;
			proxyType = 1;
			remoteGlobalIDString = 0401848E226535D00068B5A2;
			remoteInfo = pokemonAPI;
		};
/* End PBXContainerItemProxy section */

/* Begin PBXFileReference section */
		0401848F226535D00068B5A2 /* pokemonAPI.app */ = {isa = PBXFileReference; explicitFileType = wrapper.application; includeInIndex = 0; path = pokemonAPI.app; sourceTree = BUILT_PRODUCTS_DIR; };
		04018492226535D00068B5A2 /* AppDelegate.swift */ = {isa = PBXFileReference; lastKnownFileType = sourcecode.swift; path = AppDelegate.swift; sourceTree = "<group>"; };
		04018494226535D00068B5A2 /* ViewController.swift */ = {isa = PBXFileReference; lastKnownFileType = sourcecode.swift; path = ViewController.swift; sourceTree = "<group>"; };
		04018497226535D00068B5A2 /* Base */ = {isa = PBXFileReference; lastKnownFileType = file.storyboard; name = Base; path = Base.lproj/Main.storyboard; sourceTree = "<group>"; };
		04018499226535D10068B5A2 /* Assets.xcassets */ = {isa = PBXFileReference; lastKnownFileType = folder.assetcatalog; path = Assets.xcassets; sourceTree = "<group>"; };
		0401849C226535D10068B5A2 /* Base */ = {isa = PBXFileReference; lastKnownFileType = file.storyboard; name = Base; path = Base.lproj/LaunchScreen.storyboard; sourceTree = "<group>"; };
		0401849E226535D10068B5A2 /* Info.plist */ = {isa = PBXFileReference; lastKnownFileType = text.plist.xml; path = Info.plist; sourceTree = "<group>"; };
		040184A3226535D10068B5A2 /* pokemonAPITests.xctest */ = {isa = PBXFileReference; explicitFileType = wrapper.cfbundle; includeInIndex = 0; path = pokemonAPITests.xctest; sourceTree = BUILT_PRODUCTS_DIR; };
		040184A7226535D10068B5A2 /* pokemonAPITests.swift */ = {isa = PBXFileReference; lastKnownFileType = sourcecode.swift; path = pokemonAPITests.swift; sourceTree = "<group>"; };
		040184A9226535D10068B5A2 /* Info.plist */ = {isa = PBXFileReference; lastKnownFileType = text.plist.xml; path = Info.plist; sourceTree = "<group>"; };
		040184AE226535D10068B5A2 /* pokemonAPIUITests.xctest */ = {isa = PBXFileReference; explicitFileType = wrapper.cfbundle; includeInIndex = 0; path = pokemonAPIUITests.xctest; sourceTree = BUILT_PRODUCTS_DIR; };
		040184B2226535D20068B5A2 /* pokemonAPIUITests.swift */ = {isa = PBXFileReference; lastKnownFileType = sourcecode.swift; path = pokemonAPIUITests.swift; sourceTree = "<group>"; };
		040184B4226535D20068B5A2 /* Info.plist */ = {isa = PBXFileReference; lastKnownFileType = text.plist.xml; path = Info.plist; sourceTree = "<group>"; };
		040184C0226538FB0068B5A2 /* PokemonExample.json */ = {isa = PBXFileReference; fileEncoding = 4; lastKnownFileType = text.json; name = PokemonExample.json; path = ../../../../Downloads/PokemonExample.json; sourceTree = "<group>"; };
		040184C2226552490068B5A2 /* PokeData.swift */ = {isa = PBXFileReference; lastKnownFileType = sourcecode.swift; path = PokeData.swift; sourceTree = "<group>"; };
/* End PBXFileReference section */

/* Begin PBXFrameworksBuildPhase section */
		0401848C226535D00068B5A2 /* Frameworks */ = {
			isa = PBXFrameworksBuildPhase;
			buildActionMask = 2147483647;
			files = (
			);
			runOnlyForDeploymentPostprocessing = 0;
		};
		040184A0226535D10068B5A2 /* Frameworks */ = {
			isa = PBXFrameworksBuildPhase;
			buildActionMask = 2147483647;
			files = (
			);
			runOnlyForDeploymentPostprocessing = 0;
		};
		040184AB226535D10068B5A2 /* Frameworks */ = {
			isa = PBXFrameworksBuildPhase;
			buildActionMask = 2147483647;
			files = (
			);
			runOnlyForDeploymentPostprocessing = 0;
		};
/* End PBXFrameworksBuildPhase section */

/* Begin PBXGroup section */
		04018486226535D00068B5A2 = {
			isa = PBXGroup;
			children = (
				04018491226535D00068B5A2 /* pokemonAPI */,
				040184A6226535D10068B5A2 /* pokemonAPITests */,
				040184B1226535D20068B5A2 /* pokemonAPIUITests */,
				04018490226535D00068B5A2 /* Products */,
			);
			sourceTree = "<group>";
		};
		04018490226535D00068B5A2 /* Products */ = {
			isa = PBXGroup;
			children = (
				0401848F226535D00068B5A2 /* pokemonAPI.app */,
				040184A3226535D10068B5A2 /* pokemonAPITests.xctest */,
				040184AE226535D10068B5A2 /* pokemonAPIUITests.xctest */,
			);
			name = Products;
			sourceTree = "<group>";
		};
		04018491226535D00068B5A2 /* pokemonAPI */ = {
			isa = PBXGroup;
			children = (
				04018492226535D00068B5A2 /* AppDelegate.swift */,
				04018494226535D00068B5A2 /* ViewController.swift */,
				040184C2226552490068B5A2 /* PokeData.swift */,
				04018496226535D00068B5A2 /* Main.storyboard */,
				04018499226535D10068B5A2 /* Assets.xcassets */,
				0401849B226535D10068B5A2 /* LaunchScreen.storyboard */,
				0401849E226535D10068B5A2 /* Info.plist */,
				040184C0226538FB0068B5A2 /* PokemonExample.json */,
			);
			path = pokemonAPI;
			sourceTree = "<group>";
		};
		040184A6226535D10068B5A2 /* pokemonAPITests */ = {
			isa = PBXGroup;
			children = (
				040184A7226535D10068B5A2 /* pokemonAPITests.swift */,
				040184A9226535D10068B5A2 /* Info.plist */,
			);
			path = pokemonAPITests;
			sourceTree = "<group>";
		};
		040184B1226535D20068B5A2 /* pokemonAPIUITests */ = {
			isa = PBXGroup;
			children = (
				040184B2226535D20068B5A2 /* pokemonAPIUITests.swift */,
				040184B4226535D20068B5A2 /* Info.plist */,
			);
			path = pokemonAPIUITests;
			sourceTree = "<group>";
		};
/* End PBXGroup section */

/* Begin PBXNativeTarget section */
		0401848E226535D00068B5A2 /* pokemonAPI */ = {
			isa = PBXNativeTarget;
			buildConfigurationList = 040184B7226535D20068B5A2 /* Build configuration list for PBXNativeTarget "pokemonAPI" */;
			buildPhases = (
				0401848B226535D00068B5A2 /* Sources */,
				0401848C226535D00068B5A2 /* Frameworks */,
				0401848D226535D00068B5A2 /* Resources */,
			);
			buildRules = (
			);
			dependencies = (
			);
			name = pokemonAPI;
			productName = pokemonAPI;
			productReference = 0401848F226535D00068B5A2 /* pokemonAPI.app */;
			productType = "com.apple.product-type.application";
		};
		040184A2226535D10068B5A2 /* pokemonAPITests */ = {
			isa = PBXNativeTarget;
			buildConfigurationList = 040184BA226535D20068B5A2 /* Build configuration list for PBXNativeTarget "pokemonAPITests" */;
			buildPhases = (
				0401849F226535D10068B5A2 /* Sources */,
				040184A0226535D10068B5A2 /* Frameworks */,
				040184A1226535D10068B5A2 /* Resources */,
			);
			buildRules = (
			);
			dependencies = (
				040184A5226535D10068B5A2 /* PBXTargetDependency */,
			);
			name = pokemonAPITests;
			productName = pokemonAPITests;
			productReference = 040184A3226535D10068B5A2 /* pokemonAPITests.xctest */;
			productType = "com.apple.product-type.bundle.unit-test";
		};
		040184AD226535D10068B5A2 /* pokemonAPIUITests */ = {
			isa = PBXNativeTarget;
			buildConfigurationList = 040184BD226535D20068B5A2 /* Build configuration list for PBXNativeTarget "pokemonAPIUITests" */;
			buildPhases = (
				040184AA226535D10068B5A2 /* Sources */,
				040184AB226535D10068B5A2 /* Frameworks */,
				040184AC226535D10068B5A2 /* Resources */,
			);
			buildRules = (
			);
			dependencies = (
				040184B0226535D20068B5A2 /* PBXTargetDependency */,
			);
			name = pokemonAPIUITests;
			productName = pokemonAPIUITests;
			productReference = 040184AE226535D10068B5A2 /* pokemonAPIUITests.xctest */;
			productType = "com.apple.product-type.bundle.ui-testing";
		};
/* End PBXNativeTarget section */

/* Begin PBXProject section */
		04018487226535D00068B5A2 /* Project object */ = {
			isa = PBXProject;
			attributes = {
				LastSwiftUpdateCheck = 1020;
				LastUpgradeCheck = 1020;
				ORGANIZATIONNAME = MCS;
				TargetAttributes = {
					0401848E226535D00068B5A2 = {
						CreatedOnToolsVersion = 10.2;
					};
					040184A2226535D10068B5A2 = {
						CreatedOnToolsVersion = 10.2;
						TestTargetID = 0401848E226535D00068B5A2;
					};
					040184AD226535D10068B5A2 = {
						CreatedOnToolsVersion = 10.2;
						TestTargetID = 0401848E226535D00068B5A2;
					};
				};
			};
			buildConfigurationList = 0401848A226535D00068B5A2 /* Build configuration list for PBXProject "pokemonAPI" */;
			compatibilityVersion = "Xcode 9.3";
			developmentRegion = en;
			hasScannedForEncodings = 0;
			knownRegions = (
				en,
				Base,
			);
			mainGroup = 04018486226535D00068B5A2;
			productRefGroup = 04018490226535D00068B5A2 /* Products */;
			projectDirPath = "";
			projectRoot = "";
			targets = (
				0401848E226535D00068B5A2 /* pokemonAPI */,
				040184A2226535D10068B5A2 /* pokemonAPITests */,
				040184AD226535D10068B5A2 /* pokemonAPIUITests */,
			);
		};
/* End PBXProject section */

/* Begin PBXResourcesBuildPhase section */
		0401848D226535D00068B5A2 /* Resources */ = {
			isa = PBXResourcesBuildPhase;
			buildActionMask = 2147483647;
			files = (
				040184C1226538FB0068B5A2 /* PokemonExample.json in Resources */,
				0401849D226535D10068B5A2 /* LaunchScreen.storyboard in Resources */,
				0401849A226535D10068B5A2 /* Assets.xcassets in Resources */,
				04018498226535D00068B5A2 /* Main.storyboard in Resources */,
			);
			runOnlyForDeploymentPostprocessing = 0;
		};
		040184A1226535D10068B5A2 /* Resources */ = {
			isa = PBXResourcesBuildPhase;
			buildActionMask = 2147483647;
			files = (
			);
			runOnlyForDeploymentPostprocessing = 0;
		};
		040184AC226535D10068B5A2 /* Resources */ = {
			isa = PBXResourcesBuildPhase;
			buildActionMask = 2147483647;
			files = (
			);
			runOnlyForDeploymentPostprocessing = 0;
		};
/* End PBXResourcesBuildPhase section */

/* Begin PBXSourcesBuildPhase section */
		0401848B226535D00068B5A2 /* Sources */ = {
			isa = PBXSourcesBuildPhase;
			buildActionMask = 2147483647;
			files = (
				04018495226535D00068B5A2 /* ViewController.swift in Sources */,
				04018493226535D00068B5A2 /* AppDelegate.swift in Sources */,
				040184C3226552490068B5A2 /* PokeData.swift in Sources */,
			);
			runOnlyForDeploymentPostprocessing = 0;
		};
		0401849F226535D10068B5A2 /* Sources */ = {
			isa = PBXSourcesBuildPhase;
			buildActionMask = 2147483647;
			files = (
				040184A8226535D10068B5A2 /* pokemonAPITests.swift in Sources */,
			);
			runOnlyForDeploymentPostprocessing = 0;
		};
		040184AA226535D10068B5A2 /* Sources */ = {
			isa = PBXSourcesBuildPhase;
			buildActionMask = 2147483647;
			files = (
				040184B3226535D20068B5A2 /* pokemonAPIUITests.swift in Sources */,
			);
			runOnlyForDeploymentPostprocessing = 0;
		};
/* End PBXSourcesBuildPhase section */

/* Begin PBXTargetDependency section */
		040184A5226535D10068B5A2 /* PBXTargetDependency */ = {
			isa = PBXTargetDependency;
			target = 0401848E226535D00068B5A2 /* pokemonAPI */;
			targetProxy = 040184A4226535D10068B5A2 /* PBXContainerItemProxy */;
		};
		040184B0226535D20068B5A2 /* PBXTargetDependency */ = {
			isa = PBXTargetDependency;
			target = 0401848E226535D00068B5A2 /* pokemonAPI */;
			targetProxy = 040184AF226535D20068B5A2 /* PBXContainerItemProxy */;
		};
/* End PBXTargetDependency section */

/* Begin PBXVariantGroup section */
		04018496226535D00068B5A2 /* Main.storyboard */ = {
			isa = PBXVariantGroup;
			children = (
				04018497226535D00068B5A2 /* Base */,
			);
			name = Main.storyboard;
			sourceTree = "<group>";
		};
		0401849B226535D10068B5A2 /* LaunchScreen.storyboard */ = {
			isa = PBXVariantGroup;
			children = (
				0401849C226535D10068B5A2 /* Base */,
			);
			name = LaunchScreen.storyboard;
			sourceTree = "<group>";
		};
/* End PBXVariantGroup section */

/* Begin XCBuildConfiguration section */
		040184B5226535D20068B5A2 /* Debug */ = {
			isa = XCBuildConfiguration;
			buildSettings = {
				ALWAYS_SEARCH_USER_PATHS = NO;
				CLANG_ANALYZER_NONNULL = YES;
				CLANG_ANALYZER_NUMBER_OBJECT_CONVERSION = YES_AGGRESSIVE;
				CLANG_CXX_LANGUAGE_STANDARD = "gnu++14";
				CLANG_CXX_LIBRARY = "libc++";
				CLANG_ENABLE_MODULES = YES;
				CLANG_ENABLE_OBJC_ARC = YES;
				CLANG_ENABLE_OBJC_WEAK = YES;
				CLANG_WARN_BLOCK_CAPTURE_AUTORELEASING = YES;
				CLANG_WARN_BOOL_CONVERSION = YES;
				CLANG_WARN_COMMA = YES;
				CLANG_WARN_CONSTANT_CONVERSION = YES;
				CLANG_WARN_DEPRECATED_OBJC_IMPLEMENTATIONS = YES;
				CLANG_WARN_DIRECT_OBJC_ISA_USAGE = YES_ERROR;
				CLANG_WARN_DOCUMENTATION_COMMENTS = YES;
				CLANG_WARN_EMPTY_BODY = YES;
				CLANG_WARN_ENUM_CONVERSION = YES;
				CLANG_WARN_INFINITE_RECURSION = YES;
				CLANG_WARN_INT_CONVERSION = YES;
				CLANG_WARN_NON_LITERAL_NULL_CONVERSION = YES;
				CLANG_WARN_OBJC_IMPLICIT_RETAIN_SELF = YES;
				CLANG_WARN_OBJC_LITERAL_CONVERSION = YES;
				CLANG_WARN_OBJC_ROOT_CLASS = YES_ERROR;
				CLANG_WARN_RANGE_LOOP_ANALYSIS = YES;
				CLANG_WARN_STRICT_PROTOTYPES = YES;
				CLANG_WARN_SUSPICIOUS_MOVE = YES;
				CLANG_WARN_UNGUARDED_AVAILABILITY = YES_AGGRESSIVE;
				CLANG_WARN_UNREACHABLE_CODE = YES;
				CLANG_WARN__DUPLICATE_METHOD_MATCH = YES;
				CODE_SIGN_IDENTITY = "iPhone Developer";
				COPY_PHASE_STRIP = NO;
				DEBUG_INFORMATION_FORMAT = dwarf;
				ENABLE_STRICT_OBJC_MSGSEND = YES;
				ENABLE_TESTABILITY = YES;
				GCC_C_LANGUAGE_STANDARD = gnu11;
				GCC_DYNAMIC_NO_PIC = NO;
				GCC_NO_COMMON_BLOCKS = YES;
				GCC_OPTIMIZATION_LEVEL = 0;
				GCC_PREPROCESSOR_DEFINITIONS = (
					"DEBUG=1",
					"$(inherited)",
				);
				GCC_WARN_64_TO_32_BIT_CONVERSION = YES;
				GCC_WARN_ABOUT_RETURN_TYPE = YES_ERROR;
				GCC_WARN_UNDECLARED_SELECTOR = YES;
				GCC_WARN_UNINITIALIZED_AUTOS = YES_AGGRESSIVE;
				GCC_WARN_UNUSED_FUNCTION = YES;
				GCC_WARN_UNUSED_VARIABLE = YES;
				IPHONEOS_DEPLOYMENT_TARGET = 12.2;
				MTL_ENABLE_DEBUG_INFO = INCLUDE_SOURCE;
				MTL_FAST_MATH = YES;
				ONLY_ACTIVE_ARCH = YES;
				SDKROOT = iphoneos;
				SWIFT_ACTIVE_COMPILATION_CONDITIONS = DEBUG;
				SWIFT_OPTIMIZATION_LEVEL = "-Onone";
			};
			name = Debug;
		};
		040184B6226535D20068B5A2 /* Release */ = {
			isa = XCBuildConfiguration;
			buildSettings = {
				ALWAYS_SEARCH_USER_PATHS = NO;
				CLANG_ANALYZER_NONNULL = YES;
				CLANG_ANALYZER_NUMBER_OBJECT_CONVERSION = YES_AGGRESSIVE;
				CLANG_CXX_LANGUAGE_STANDARD = "gnu++14";
				CLANG_CXX_LIBRARY = "libc++";
				CLANG_ENABLE_MODULES = YES;
				CLANG_ENABLE_OBJC_ARC = YES;
				CLANG_ENABLE_OBJC_WEAK = YES;
				CLANG_WARN_BLOCK_CAPTURE_AUTORELEASING = YES;
				CLANG_WARN_BOOL_CONVERSION = YES;
				CLANG_WARN_COMMA = YES;
				CLANG_WARN_CONSTANT_CONVERSION = YES;
				CLANG_WARN_DEPRECATED_OBJC_IMPLEMENTATIONS = YES;
				CLANG_WARN_DIRECT_OBJC_ISA_USAGE = YES_ERROR;
				CLANG_WARN_DOCUMENTATION_COMMENTS = YES;
				CLANG_WARN_EMPTY_BODY = YES;
				CLANG_WARN_ENUM_CONVERSION = YES;
				CLANG_WARN_INFINITE_RECURSION = YES;
				CLANG_WARN_INT_CONVERSION = YES;
				CLANG_WARN_NON_LITERAL_NULL_CONVERSION = YES;
				CLANG_WARN_OBJC_IMPLICIT_RETAIN_SELF = YES;
				CLANG_WARN_OBJC_LITERAL_CONVERSION = YES;
				CLANG_WARN_OBJC_ROOT_CLASS = YES_ERROR;
				CLANG_WARN_RANGE_LOOP_ANALYSIS = YES;
				CLANG_WARN_STRICT_PROTOTYPES = YES;
				CLANG_WARN_SUSPICIOUS_MOVE = YES;
				CLANG_WARN_UNGUARDED_AVAILABILITY = YES_AGGRESSIVE;
				CLANG_WARN_UNREACHABLE_CODE = YES;
				CLANG_WARN__DUPLICATE_METHOD_MATCH = YES;
				CODE_SIGN_IDENTITY = "iPhone Developer";
				COPY_PHASE_STRIP = NO;
				DEBUG_INFORMATION_FORMAT = "dwarf-with-dsym";
				ENABLE_NS_ASSERTIONS = NO;
				ENABLE_STRICT_OBJC_MSGSEND = YES;
				GCC_C_LANGUAGE_STANDARD = gnu11;
				GCC_NO_COMMON_BLOCKS = YES;
				GCC_WARN_64_TO_32_BIT_CONVERSION = YES;
				GCC_WARN_ABOUT_RETURN_TYPE = YES_ERROR;
				GCC_WARN_UNDECLARED_SELECTOR = YES;
				GCC_WARN_UNINITIALIZED_AUTOS = YES_AGGRESSIVE;
				GCC_WARN_UNUSED_FUNCTION = YES;
				GCC_WARN_UNUSED_VARIABLE = YES;
				IPHONEOS_DEPLOYMENT_TARGET = 12.2;
				MTL_ENABLE_DEBUG_INFO = NO;
				MTL_FAST_MATH = YES;
				SDKROOT = iphoneos;
				SWIFT_COMPILATION_MODE = wholemodule;
				SWIFT_OPTIMIZATION_LEVEL = "-O";
				VALIDATE_PRODUCT = YES;
			};
			name = Release;
		};
		040184B8226535D20068B5A2 /* Debug */ = {
			isa = XCBuildConfiguration;
			buildSettings = {
				ASSETCATALOG_COMPILER_APPICON_NAME = AppIcon;
				CODE_SIGN_STYLE = Automatic;
				INFOPLIST_FILE = pokemonAPI/Info.plist;
				LD_RUNPATH_SEARCH_PATHS = (
					"$(inherited)",
					"@executable_path/Frameworks",
				);
				PRODUCT_BUNDLE_IDENTIFIER = NicholasSharp.pokemonAPI;
				PRODUCT_NAME = "$(TARGET_NAME)";
				SWIFT_VERSION = 5.0;
				TARGETED_DEVICE_FAMILY = "1,2";
			};
			name = Debug;
		};
		040184B9226535D20068B5A2 /* Release */ = {
			isa = XCBuildConfiguration;
			buildSettings = {
				ASSETCATALOG_COMPILER_APPICON_NAME = AppIcon;
				CODE_SIGN_STYLE = Automatic;
				INFOPLIST_FILE = pokemonAPI/Info.plist;
				LD_RUNPATH_SEARCH_PATHS = (
					"$(inherited)",
					"@executable_path/Frameworks",
				);
				PRODUCT_BUNDLE_IDENTIFIER = NicholasSharp.pokemonAPI;
				PRODUCT_NAME = "$(TARGET_NAME)";
				SWIFT_VERSION = 5.0;
				TARGETED_DEVICE_FAMILY = "1,2";
			};
			name = Release;
		};
		040184BB226535D20068B5A2 /* Debug */ = {
			isa = XCBuildConfiguration;
			buildSettings = {
				ALWAYS_EMBED_SWIFT_STANDARD_LIBRARIES = YES;
				BUNDLE_LOADER = "$(TEST_HOST)";
				CODE_SIGN_STYLE = Automatic;
				INFOPLIST_FILE = pokemonAPITests/Info.plist;
				LD_RUNPATH_SEARCH_PATHS = (
					"$(inherited)",
					"@executable_path/Frameworks",
					"@loader_path/Frameworks",
				);
				PRODUCT_BUNDLE_IDENTIFIER = NicholasSharp.pokemonAPITests;
				PRODUCT_NAME = "$(TARGET_NAME)";
				SWIFT_VERSION = 5.0;
				TARGETED_DEVICE_FAMILY = "1,2";
				TEST_HOST = "$(BUILT_PRODUCTS_DIR)/pokemonAPI.app/pokemonAPI";
			};
			name = Debug;
		};
		040184BC226535D20068B5A2 /* Release */ = {
			isa = XCBuildConfiguration;
			buildSettings = {
				ALWAYS_EMBED_SWIFT_STANDARD_LIBRARIES = YES;
				BUNDLE_LOADER = "$(TEST_HOST)";
				CODE_SIGN_STYLE = Automatic;
				INFOPLIST_FILE = pokemonAPITests/Info.plist;
				LD_RUNPATH_SEARCH_PATHS = (
					"$(inherited)",
					"@executable_path/Frameworks",
					"@loader_path/Frameworks",
				);
				PRODUCT_BUNDLE_IDENTIFIER = NicholasSharp.pokemonAPITests;
				PRODUCT_NAME = "$(TARGET_NAME)";
				SWIFT_VERSION = 5.0;
				TARGETED_DEVICE_FAMILY = "1,2";
				TEST_HOST = "$(BUILT_PRODUCTS_DIR)/pokemonAPI.app/pokemonAPI";
			};
			name = Release;
		};
		040184BE226535D20068B5A2 /* Debug */ = {
			isa = XCBuildConfiguration;
			buildSettings = {
				ALWAYS_EMBED_SWIFT_STANDARD_LIBRARIES = YES;
				CODE_SIGN_STYLE = Automatic;
				INFOPLIST_FILE = pokemonAPIUITests/Info.plist;
				LD_RUNPATH_SEARCH_PATHS = (
					"$(inherited)",
					"@executable_path/Frameworks",
					"@loader_path/Frameworks",
				);
				PRODUCT_BUNDLE_IDENTIFIER = NicholasSharp.pokemonAPIUITests;
				PRODUCT_NAME = "$(TARGET_NAME)";
				SWIFT_VERSION = 5.0;
				TARGETED_DEVICE_FAMILY = "1,2";
				TEST_TARGET_NAME = pokemonAPI;
			};
			name = Debug;
		};
		040184BF226535D20068B5A2 /* Release */ = {
			isa = XCBuildConfiguration;
			buildSettings = {
				ALWAYS_EMBED_SWIFT_STANDARD_LIBRARIES = YES;
				CODE_SIGN_STYLE = Automatic;
				INFOPLIST_FILE = pokemonAPIUITests/Info.plist;
				LD_RUNPATH_SEARCH_PATHS = (
					"$(inherited)",
					"@executable_path/Frameworks",
					"@loader_path/Frameworks",
				);
				PRODUCT_BUNDLE_IDENTIFIER = NicholasSharp.pokemonAPIUITests;
				PRODUCT_NAME = "$(TARGET_NAME)";
				SWIFT_VERSION = 5.0;
				TARGETED_DEVICE_FAMILY = "1,2";
				TEST_TARGET_NAME = pokemonAPI;
			};
			name = Release;
		};
/* End XCBuildConfiguration section */

/* Begin XCConfigurationList section */
		0401848A226535D00068B5A2 /* Build configuration list for PBXProject "pokemonAPI" */ = {
			isa = XCConfigurationList;
			buildConfigurations = (
				040184B5226535D20068B5A2 /* Debug */,
				040184B6226535D20068B5A2 /* Release */,
			);
			defaultConfigurationIsVisible = 0;
			defaultConfigurationName = Release;
		};
		040184B7226535D20068B5A2 /* Build configuration list for PBXNativeTarget "pokemonAPI" */ = {
			isa = XCConfigurationList;
			buildConfigurations = (
				040184B8226535D20068B5A2 /* Debug */,
				040184B9226535D20068B5A2 /* Release */,
			);
			defaultConfigurationIsVisible = 0;
			defaultConfigurationName = Release;
		};
		040184BA226535D20068B5A2 /* Build configuration list for PBXNativeTarget "pokemonAPITests" */ = {
			isa = XCConfigurationList;
			buildConfigurations = (
				040184BB226535D20068B5A2 /* Debug */,
				040184BC226535D20068B5A2 /* Release */,
			);
			defaultConfigurationIsVisible = 0;
			defaultConfigurationName = Release;
		};
		040184BD226535D20068B5A2 /* Build configuration list for PBXNativeTarget "pokemonAPIUITests" */ = {
			isa = XCConfigurationList;
			buildConfigurations = (
				040184BE226535D20068B5A2 /* Debug */,
				040184BF226535D20068B5A2 /* Release */,
			);
			defaultConfigurationIsVisible = 0;
			defaultConfigurationName = Release;
		};
/* End XCConfigurationList section */
	};
	rootObject = 04018487226535D00068B5A2 /* Project object */;
}
